// !$*UTF8*$!
{
	archiveVersion = 1;
	classes = {
	};
	objectVersion = 46;
	objects = {

/* Begin PBXBuildFile section */
		68DCDB601EDB1EA900930374 /* main.m in Sources */ = {isa = PBXBuildFile; fileRef = 68DCDB5F1EDB1EA900930374 /* main.m */; };
		68DCDB631EDB1EA900930374 /* AppDelegate.m in Sources */ = {isa = PBXBuildFile; fileRef = 68DCDB621EDB1EA900930374 /* AppDelegate.m */; };
		68DCDB661EDB1EA900930374 /* ViewController.m in Sources */ = {isa = PBXBuildFile; fileRef = 68DCDB651EDB1EA900930374 /* ViewController.m */; };
		68DCDB691EDB1EA900930374 /* Main.storyboard in Resources */ = {isa = PBXBuildFile; fileRef = 68DCDB671EDB1EA900930374 /* Main.storyboard */; };
		68DCDB6B1EDB1EA900930374 /* Assets.xcassets in Resources */ = {isa = PBXBuildFile; fileRef = 68DCDB6A1EDB1EA900930374 /* Assets.xcassets */; };
		68DCDB6E1EDB1EA900930374 /* LaunchScreen.storyboard in Resources */ = {isa = PBXBuildFile; fileRef = 68DCDB6C1EDB1EA900930374 /* LaunchScreen.storyboard */; };
/* End PBXBuildFile section */

/* Begin PBXFileReference section */
		68DCDB5B1EDB1EA900930374 /* StickMan.app */ = {isa = PBXFileReference; explicitFileType = wrapper.application; includeInIndex = 0; path = StickMan.app; sourceTree = BUILT_PRODUCTS_DIR; };
		68DCDB5F1EDB1EA900930374 /* main.m */ = {isa = PBXFileReference; lastKnownFileType = sourcecode.c.objc; path = main.m; sourceTree = "<group>"; };
		68DCDB611EDB1EA900930374 /* AppDelegate.h */ = {isa = PBXFileReference; lastKnownFileType = sourcecode.c.h; path = AppDelegate.h; sourceTree = "<group>"; };
		68DCDB621EDB1EA900930374 /* AppDelegate.m */ = {isa = PBXFileReference; lastKnownFileType = sourcecode.c.objc; path = AppDelegate.m; sourceTree = "<group>"; };
		68DCDB641EDB1EA900930374 /* ViewController.h */ = {isa = PBXFileReference; lastKnownFileType = sourcecode.c.h; path = ViewController.h; sourceTree = "<group>"; };
		68DCDB651EDB1EA900930374 /* ViewController.m */ = {isa = PBXFileReference; lastKnownFileType = sourcecode.c.objc; path = ViewController.m; sourceTree = "<group>"; };
		68DCDB681EDB1EA900930374 /* Base */ = {isa = PBXFileReference; lastKnownFileType = file.storyboard; name = Base; path = Base.lproj/Main.storyboard; sourceTree = "<group>"; };
		68DCDB6A1EDB1EA900930374 /* Assets.xcassets */ = {isa = PBXFileReference; lastKnownFileType = folder.assetcatalog; path = Assets.xcassets; sourceTree = "<group>"; };
		68DCDB6D1EDB1EA900930374 /* Base */ = {isa = PBXFileReference; lastKnownFileType = file.storyboard; name = Base; path = Base.lproj/LaunchScreen.storyboard; sourceTree = "<group>"; };
		68DCDB6F1EDB1EA900930374 /* Info.plist */ = {isa = PBXFileReference; lastKnownFileType = text.plist.xml; path = Info.plist; sourceTree = "<group>"; };
/* End PBXFileReference section */

/* Begin PBXFrameworksBuildPhase section */
		68DCDB581EDB1EA900930374 /* Frameworks */ = {
			isa = PBXFrameworksBuildPhase;
			buildActionMask = 2147483647;
			files = (
			);
			runOnlyForDeploymentPostprocessing = 0;
		};
/* End PBXFrameworksBuildPhase section */

/* Begin PBXGroup section */
		68DCDB521EDB1EA900930374 = {
			isa = PBXGroup;
			children = (
				68DCDB5D1EDB1EA900930374 /* StickMan */,
				68DCDB5C1EDB1EA900930374 /* Products */,
			);
			sourceTree = "<group>";
		};
		68DCDB5C1EDB1EA900930374 /* Products */ = {
			isa = PBXGroup;
			children = (
				68DCDB5B1EDB1EA900930374 /* StickMan.app */,
			);
			name = Products;
			sourceTree = "<group>";
		};
		68DCDB5D1EDB1EA900930374 /* StickMan */ = {
			isa = PBXGroup;
			children = (
				68DCDB611EDB1EA900930374 /* AppDelegate.h */,
				68DCDB621EDB1EA900930374 /* AppDelegate.m */,
				68DCDB641EDB1EA900930374 /* ViewController.h */,
				68DCDB651EDB1EA900930374 /* ViewController.m */,
				68DCDB671EDB1EA900930374 /* Main.storyboard */,
				68DCDB6A1EDB1EA900930374 /* Assets.xcassets */,
				68DCDB6C1EDB1EA900930374 /* LaunchScreen.storyboard */,
				68DCDB6F1EDB1EA900930374 /* Info.plist */,
				68DCDB5E1EDB1EA900930374 /* Supporting Files */,
			);
			path = StickMan;
			sourceTree = "<group>";
		};
		68DCDB5E1EDB1EA900930374 /* Supporting Files */ = {
			isa = PBXGroup;
			children = (
				68DCDB5F1EDB1EA900930374 /* main.m */,
			);
			name = "Supporting Files";
			sourceTree = "<group>";
		};
/* End PBXGroup section */

/* Begin PBXNativeTarget section */
		68DCDB5A1EDB1EA900930374 /* StickMan */ = {
			isa = PBXNativeTarget;
			buildConfigurationList = 68DCDB721EDB1EA900930374 /* Build configuration list for PBXNativeTarget "StickMan" */;
			buildPhases = (
				68DCDB571EDB1EA900930374 /* Sources */,
				68DCDB581EDB1EA900930374 /* Frameworks */,
				68DCDB591EDB1EA900930374 /* Resources */,
			);
			buildRules = (
			);
			dependencies = (
			);
			name = StickMan;
			productName = StickMan;
			productReference = 68DCDB5B1EDB1EA900930374 /* StickMan.app */;
			productType = "com.apple.product-type.application";
		};
/* End PBXNativeTarget section */

/* Begin PBXProject section */
		68DCDB531EDB1EA900930374 /* Project object */ = {
			isa = PBXProject;
			attributes = {
				LastUpgradeCheck = 0700;
				ORGANIZATIONNAME = "Alaa Awad";
				TargetAttributes = {
					68DCDB5A1EDB1EA900930374 = {
						CreatedOnToolsVersion = 7.0.1;
					};
				};
			};
			buildConfigurationList = 68DCDB561EDB1EA900930374 /* Build configuration list for PBXProject "StickMan" */;
			compatibilityVersion = "Xcode 3.2";
			developmentRegion = English;
			hasScannedForEncodings = 0;
			knownRegions = (
				en,
				Base,
			);
			mainGroup = 68DCDB521EDB1EA900930374;
			productRefGroup = 68DCDB5C1EDB1EA900930374 /* Products */;
			projectDirPath = "";
			projectRoot = "";
			targets = (
				68DCDB5A1EDB1EA900930374 /* StickMan */,
			);
		};
/* End PBXProject section */

/* Begin PBXResourcesBuildPhase section */
		68DCDB591EDB1EA900930374 /* Resources */ = {
			isa = PBXResourcesBuildPhase;
			buildActionMask = 2147483647;
			files = (
				68DCDB6E1EDB1EA900930374 /* LaunchScreen.storyboard in Resources */,
				68DCDB6B1EDB1EA900930374 /* Assets.xcassets in Resources */,
				68DCDB691EDB1EA900930374 /* Main.storyboard in Resources */,
			);
			runOnlyForDeploymentPostprocessing = 0;
		};
/* End PBXResourcesBuildPhase section */

/* Begin PBXSourcesBuildPhase section */
		68DCDB571EDB1EA900930374 /* Sources */ = {
			isa = PBXSourcesBuildPhase;
			buildActionMask = 2147483647;
			files = (
				68DCDB661EDB1EA900930374 /* ViewController.m in Sources */,
				68DCDB631EDB1EA900930374 /* AppDelegate.m in Sources */,
				68DCDB601EDB1EA900930374 /* main.m in Sources */,
			);
			runOnlyForDeploymentPostprocessing = 0;
		};
/* End PBXSourcesBuildPhase section */

/* Begin PBXVariantGroup section */
		68DCDB671EDB1EA900930374 /* Main.storyboard */ = {
			isa = PBXVariantGroup;
			children = (
				68DCDB681EDB1EA900930374 /* Base */,
			);
			name = Main.storyboard;
			sourceTree = "<group>";
		};
		68DCDB6C1EDB1EA900930374 /* LaunchScreen.storyboard */ = {
			isa = PBXVariantGroup;
			children = (
				68DCDB6D1EDB1EA900930374 /* Base */,
			);
			name = LaunchScreen.storyboard;
			sourceTree = "<group>";
		};
/* End PBXVariantGroup section */

/* Begin XCBuildConfiguration section */
		68DCDB701EDB1EA900930374 /* Debug */ = {
			isa = XCBuildConfiguration;
			buildSettings = {
				ALWAYS_SEARCH_USER_PATHS = NO;
				CLANG_CXX_LANGUAGE_STANDARD = "gnu++0x";
				CLANG_CXX_LIBRARY = "libc++";
				CLANG_ENABLE_MODULES = YES;
				CLANG_ENABLE_OBJC_ARC = YES;
				CLANG_WARN_BOOL_CONVERSION = YES;
				CLANG_WARN_CONSTANT_CONVERSION = YES;
				CLANG_WARN_DIRECT_OBJC_ISA_USAGE = YES_ERROR;
				CLANG_WARN_EMPTY_BODY = YES;
				CLANG_WARN_ENUM_CONVERSION = YES;
				CLANG_WARN_INT_CONVERSION = YES;
				CLANG_WARN_OBJC_ROOT_CLASS = YES_ERROR;
				CLANG_WARN_UNREACHABLE_CODE = YES;
				CLANG_WARN__DUPLICATE_METHOD_MATCH = YES;
				"CODE_SIGN_IDENTITY[sdk=iphoneos*]" = "iPhone Developer";
				COPY_PHASE_STRIP = NO;
				DEBUG_INFORMATION_FORMAT = dwarf;
				ENABLE_STRICT_OBJC_MSGSEND = YES;
				ENABLE_TESTABILITY = YES;
				GCC_C_LANGUAGE_STANDARD = gnu99;
				GCC_DYNAMIC_NO_PIC = NO;
				GCC_NO_COMMON_BLOCKS = YES;
				GCC_OPTIMIZATION_LEVEL = 0;
				GCC_PREPROCESSOR_DEFINITIONS = (
					"DEBUG=1",
					"$(inherited)",
				);
				GCC_WARN_64_TO_32_BIT_CONVERSION = YES;
				GCC_WARN_ABOUT_RETURN_TYPE = YES_ERROR;
				GCC_WARN_UNDECLARED_SELECTOR = YES;
				GCC_WARN_UNINITIALIZED_AUTOS = YES_AGGRESSIVE;
				GCC_WARN_UNUSED_FUNCTION = YES;
				GCC_WARN_UNUSED_VARIABLE = YES;
				IPHONEOS_DEPLOYMENT_TARGET = 9.0;
				MTL_ENABLE_DEBUG_INFO = YES;
				ONLY_ACTIVE_ARCH = YES;
				SDKROOT = iphoneos;
				TARGETED_DEVICE_FAMILY = "1,2";
			};
			name = Debug;
		};
		68DCDB711EDB1EA900930374 /* Release */ = {
			isa = XCBuildConfiguration;
			buildSettings = {
				ALWAYS_SEARCH_USER_PATHS = NO;
				CLANG_CXX_LANGUAGE_STANDARD = "gnu++0x";
				CLANG_CXX_LIBRARY = "libc++";
				CLANG_ENABLE_MODULES = YES;
				CLANG_ENABLE_OBJC_ARC = YES;
				CLANG_WARN_BOOL_CONVERSION = YES;
				CLANG_WARN_CONSTANT_CONVERSION = YES;
				CLANG_WARN_DIRECT_OBJC_ISA_USAGE = YES_ERROR;
				CLANG_WARN_EMPTY_BODY = YES;
				CLANG_WARN_ENUM_CONVERSION = YES;
				CLANG_WARN_INT_CONVERSION = YES;
				CLANG_WARN_OBJC_ROOT_CLASS = YES_ERROR;
				CLANG_WARN_UNREACHABLE_CODE = YES;
				CLANG_WARN__DUPLICATE_METHOD_MATCH = YES;
				"CODE_SIGN_IDENTITY[sdk=iphoneos*]" = "iPhone Developer";
				COPY_PHASE_STRIP = NO;
				DEBUG_INFORMATION_FORMAT = "dwarf-with-dsym";
				ENABLE_NS_ASSERTIONS = NO;
				ENABLE_STRICT_OBJC_MSGSEND = YES;
				GCC_C_LANGUAGE_STANDARD = gnu99;
				GCC_NO_COMMON_BLOCKS = YES;
				GCC_WARN_64_TO_32_BIT_CONVERSION = YES;
				GCC_WARN_ABOUT_RETURN_TYPE = YES_ERROR;
				GCC_WARN_UNDECLARED_SELECTOR = YES;
				GCC_WARN_UNINITIALIZED_AUTOS = YES_AGGRESSIVE;
				GCC_WARN_UNUSED_FUNCTION = YES;
				GCC_WARN_UNUSED_VARIABLE = YES;
				IPHONEOS_DEPLOYMENT_TARGET = 9.0;
				MTL_ENABLE_DEBUG_INFO = NO;
				SDKROOT = iphoneos;
				TARGETED_DEVICE_FAMILY = "1,2";
				VALIDATE_PRODUCT = YES;
			};
			name = Release;
		};
		68DCDB731EDB1EA900930374 /* Debug */ = {
			isa = XCBuildConfiguration;
			buildSettings = {
				ASSETCATALOG_COMPILER_APPICON_NAME = AppIcon;
				INFOPLIST_FILE = StickMan/Info.plist;
				LD_RUNPATH_SEARCH_PATHS = "$(inherited) @executable_path/Frameworks";
				PRODUCT_BUNDLE_IDENTIFIER = com.technalaa.StickMan;
				PRODUCT_NAME = "$(TARGET_NAME)";
			};
			name = Debug;
		};
		68DCDB741EDB1EA900930374 /* Release */ = {
			isa = XCBuildConfiguration;
			buildSettings = {
				ASSETCATALOG_COMPILER_APPICON_NAME = AppIcon;
				INFOPLIST_FILE = StickMan/Info.plist;
				LD_RUNPATH_SEARCH_PATHS = "$(inherited) @executable_path/Frameworks";
				PRODUCT_BUNDLE_IDENTIFIER = com.technalaa.StickMan;
				PRODUCT_NAME = "$(TARGET_NAME)";
			};
			name = Release;
		};
/* End XCBuildConfiguration section */

/* Begin XCConfigurationList section */
		68DCDB561EDB1EA900930374 /* Build configuration list for PBXProject "StickMan" */ = {
			isa = XCConfigurationList;
			buildConfigurations = (
				68DCDB701EDB1EA900930374 /* Debug */,
				68DCDB711EDB1EA900930374 /* Release */,
			);
			defaultConfigurationIsVisible = 0;
			defaultConfigurationName = Release;
		};
		68DCDB721EDB1EA900930374 /* Build configuration list for PBXNativeTarget "StickMan" */ = {
			isa = XCConfigurationList;
			buildConfigurations = (
				68DCDB731EDB1EA900930374 /* Debug */,
				68DCDB741EDB1EA900930374 /* Release */,
			);
			defaultConfigurationIsVisible = 0;
		};
/* End XCConfigurationList section */
	};
	rootObject = 68DCDB531EDB1EA900930374 /* Project object */;
}
